PODS:
  - LYCategory (1.12.0)
  - MJRefresh (3.5.0)
  - ModulePullRefresh (1.12.1):
    - MJRefresh (~> 3.5.0)

DEPENDENCIES:
  - LYCategory
  - ModulePullRefresh (from `../`)

SPEC REPOS:
  https://github.com/CocoaPods/Specs.git:
    - LYCategory
    - MJRefresh

EXTERNAL SOURCES:
  ModulePullRefresh:
    :path: "../"

SPEC CHECKSUMS:
  LYCategory: 8f347904040c575ba421d12be0445236dda940a7
  MJRefresh: 6afc955813966afb08305477dd7a0d9ad5e79a16
  ModulePullRefresh: e1023edd4b4e288926639615be6bf3e92432fe00

PODFILE CHECKSUM: bd20d7dd10a265d525107ab916dd86b2b7a398d1

COCOAPODS: 1.10.1
